packages:
  - git: https://github.com/EqualExperts/dbt-unit-testing
    name: dbt_unit_testing
    revision: e54329c3971c8c397f284a36de6a627832a24263
  - name: dbt_utils
    package: dbt-labs/dbt_utils
    version: 1.3.3
  - name: codegen
    package: dbt-labs/codegen
    version: 0.14.0
sha1_hash: cdd6ef8d17760c0eb939060354e81ecc65be8aad
